// !$*UTF8*$!
{
	archiveVersion = 1;
	classes = {
	};
	objectVersion = 56;
	objects = {

/* Begin PBXBuildFile section */
		28F2FF4E2AF97742001B3AF2 /* xcodeWatchTest Watch App.app in Embed Watch Content */ = {isa = PBXBuildFile; fileRef = 28F2FF4D2AF97742001B3AF2 /* xcodeWatchTest Watch App.app */; settings = {ATTRIBUTES = (RemoveHeadersOnCopy, ); }; };
		28F2FF532AF97742001B3AF2 /* xcodeWatchTestApp.swift in Sources */ = {isa = PBXBuildFile; fileRef = 28F2FF522AF97742001B3AF2 /* xcodeWatchTestApp.swift */; };
		28F2FF552AF97742001B3AF2 /* ContentView.swift in Sources */ = {isa = PBXBuildFile; fileRef = 28F2FF542AF97742001B3AF2 /* ContentView.swift */; };
		28F2FF572AF97743001B3AF2 /* Assets.xcassets in Resources */ = {isa = PBXBuildFile; fileRef = 28F2FF562AF97743001B3AF2 /* Assets.xcassets */; };
		28F2FF5A2AF97743001B3AF2 /* Preview Assets.xcassets in Resources */ = {isa = PBXBuildFile; fileRef = 28F2FF592AF97743001B3AF2 /* Preview Assets.xcassets */; };
		28F2FF642AF97743001B3AF2 /* xcodeWatchTest_Watch_AppTests.swift in Sources */ = {isa = PBXBuildFile; fileRef = 28F2FF632AF97743001B3AF2 /* xcodeWatchTest_Watch_AppTests.swift */; };
		28F2FF6E2AF97743001B3AF2 /* xcodeWatchTest_Watch_AppUITests.swift in Sources */ = {isa = PBXBuildFile; fileRef = 28F2FF6D2AF97743001B3AF2 /* xcodeWatchTest_Watch_AppUITests.swift */; };
		28F2FF702AF97743001B3AF2 /* xcodeWatchTest_Watch_AppUITestsLaunchTests.swift in Sources */ = {isa = PBXBuildFile; fileRef = 28F2FF6F2AF97743001B3AF2 /* xcodeWatchTest_Watch_AppUITestsLaunchTests.swift */; };
/* End PBXBuildFile section */

/* Begin PBXContainerItemProxy section */
		28F2FF4F2AF97742001B3AF2 /* PBXContainerItemProxy */ = {
			isa = PBXContainerItemProxy;
			containerPortal = 28F2FF412AF97742001B3AF2 /* Project object */;
			proxyType = 1;
			remoteGlobalIDString = 28F2FF4C2AF97742001B3AF2;
			remoteInfo = "xcodeWatchTest Watch App";
		};
		28F2FF602AF97743001B3AF2 /* PBXContainerItemProxy */ = {
			isa = PBXContainerItemProxy;
			containerPortal = 28F2FF412AF97742001B3AF2 /* Project object */;
			proxyType = 1;
			remoteGlobalIDString = 28F2FF4C2AF97742001B3AF2;
			remoteInfo = "xcodeWatchTest Watch App";
		};
		28F2FF6A2AF97743001B3AF2 /* PBXContainerItemProxy */ = {
			isa = PBXContainerItemProxy;
			containerPortal = 28F2FF412AF97742001B3AF2 /* Project object */;
			proxyType = 1;
			remoteGlobalIDString = 28F2FF4C2AF97742001B3AF2;
			remoteInfo = "xcodeWatchTest Watch App";
		};
/* End PBXContainerItemProxy section */

/* Begin PBXCopyFilesBuildPhase section */
		28F2FF762AF97743001B3AF2 /* Embed Watch Content */ = {
			isa = PBXCopyFilesBuildPhase;
			buildActionMask = 2147483647;
			dstPath = "$(CONTENTS_FOLDER_PATH)/Watch";
			dstSubfolderSpec = 16;
			files = (
				28F2FF4E2AF97742001B3AF2 /* xcodeWatchTest Watch App.app in Embed Watch Content */,
			);
			name = "Embed Watch Content";
			runOnlyForDeploymentPostprocessing = 0;
		};
/* End PBXCopyFilesBuildPhase section */

/* Begin PBXFileReference section */
		28F2FF472AF97742001B3AF2 /* xcodeWatchTest.app */ = {isa = PBXFileReference; explicitFileType = wrapper.application; includeInIndex = 0; path = xcodeWatchTest.app; sourceTree = BUILT_PRODUCTS_DIR; };
		28F2FF4D2AF97742001B3AF2 /* xcodeWatchTest Watch App.app */ = {isa = PBXFileReference; explicitFileType = wrapper.application; includeInIndex = 0; path = "xcodeWatchTest Watch App.app"; sourceTree = BUILT_PRODUCTS_DIR; };
		28F2FF522AF97742001B3AF2 /* xcodeWatchTestApp.swift */ = {isa = PBXFileReference; lastKnownFileType = sourcecode.swift; path = xcodeWatchTestApp.swift; sourceTree = "<group>"; };
		28F2FF542AF97742001B3AF2 /* ContentView.swift */ = {isa = PBXFileReference; lastKnownFileType = sourcecode.swift; path = ContentView.swift; sourceTree = "<group>"; };
		28F2FF562AF97743001B3AF2 /* Assets.xcassets */ = {isa = PBXFileReference; lastKnownFileType = folder.assetcatalog; path = Assets.xcassets; sourceTree = "<group>"; };
		28F2FF592AF97743001B3AF2 /* Preview Assets.xcassets */ = {isa = PBXFileReference; lastKnownFileType = folder.assetcatalog; path = "Preview Assets.xcassets"; sourceTree = "<group>"; };
		28F2FF5F2AF97743001B3AF2 /* xcodeWatchTest Watch AppTests.xctest */ = {isa = PBXFileReference; explicitFileType = wrapper.cfbundle; includeInIndex = 0; path = "xcodeWatchTest Watch AppTests.xctest"; sourceTree = BUILT_PRODUCTS_DIR; };
		28F2FF632AF97743001B3AF2 /* xcodeWatchTest_Watch_AppTests.swift */ = {isa = PBXFileReference; lastKnownFileType = sourcecode.swift; path = xcodeWatchTest_Watch_AppTests.swift; sourceTree = "<group>"; };
		28F2FF692AF97743001B3AF2 /* xcodeWatchTest Watch AppUITests.xctest */ = {isa = PBXFileReference; explicitFileType = wrapper.cfbundle; includeInIndex = 0; path = "xcodeWatchTest Watch AppUITests.xctest"; sourceTree = BUILT_PRODUCTS_DIR; };
		28F2FF6D2AF97743001B3AF2 /* xcodeWatchTest_Watch_AppUITests.swift */ = {isa = PBXFileReference; lastKnownFileType = sourcecode.swift; path = xcodeWatchTest_Watch_AppUITests.swift; sourceTree = "<group>"; };
		28F2FF6F2AF97743001B3AF2 /* xcodeWatchTest_Watch_AppUITestsLaunchTests.swift */ = {isa = PBXFileReference; lastKnownFileType = sourcecode.swift; path = xcodeWatchTest_Watch_AppUITestsLaunchTests.swift; sourceTree = "<group>"; };
/* End PBXFileReference section */

/* Begin PBXFrameworksBuildPhase section */
		28F2FF4A2AF97742001B3AF2 /* Frameworks */ = {
			isa = PBXFrameworksBuildPhase;
			buildActionMask = 2147483647;
			files = (
			);
			runOnlyForDeploymentPostprocessing = 0;
		};
		28F2FF5C2AF97743001B3AF2 /* Frameworks */ = {
			isa = PBXFrameworksBuildPhase;
			buildActionMask = 2147483647;
			files = (
			);
			runOnlyForDeploymentPostprocessing = 0;
		};
		28F2FF662AF97743001B3AF2 /* Frameworks */ = {
			isa = PBXFrameworksBuildPhase;
			buildActionMask = 2147483647;
			files = (
			);
			runOnlyForDeploymentPostprocessing = 0;
		};
/* End PBXFrameworksBuildPhase section */

/* Begin PBXGroup section */
		28F2FF402AF97742001B3AF2 = {
			isa = PBXGroup;
			children = (
				28F2FF512AF97742001B3AF2 /* xcodeWatchTest Watch App */,
				28F2FF622AF97743001B3AF2 /* xcodeWatchTest Watch AppTests */,
				28F2FF6C2AF97743001B3AF2 /* xcodeWatchTest Watch AppUITests */,
				28F2FF482AF97742001B3AF2 /* Products */,
			);
			sourceTree = "<group>";
		};
		28F2FF482AF97742001B3AF2 /* Products */ = {
			isa = PBXGroup;
			children = (
				28F2FF472AF97742001B3AF2 /* xcodeWatchTest.app */,
				28F2FF4D2AF97742001B3AF2 /* xcodeWatchTest Watch App.app */,
				28F2FF5F2AF97743001B3AF2 /* xcodeWatchTest Watch AppTests.xctest */,
				28F2FF692AF97743001B3AF2 /* xcodeWatchTest Watch AppUITests.xctest */,
			);
			name = Products;
			sourceTree = "<group>";
		};
		28F2FF512AF97742001B3AF2 /* xcodeWatchTest Watch App */ = {
			isa = PBXGroup;
			children = (
				28F2FF522AF97742001B3AF2 /* xcodeWatchTestApp.swift */,
				28F2FF542AF97742001B3AF2 /* ContentView.swift */,
				28F2FF562AF97743001B3AF2 /* Assets.xcassets */,
				28F2FF582AF97743001B3AF2 /* Preview Content */,
			);
			path = "xcodeWatchTest Watch App";
			sourceTree = "<group>";
		};
		28F2FF582AF97743001B3AF2 /* Preview Content */ = {
			isa = PBXGroup;
			children = (
				28F2FF592AF97743001B3AF2 /* Preview Assets.xcassets */,
			);
			path = "Preview Content";
			sourceTree = "<group>";
		};
		28F2FF622AF97743001B3AF2 /* xcodeWatchTest Watch AppTests */ = {
			isa = PBXGroup;
			children = (
				28F2FF632AF97743001B3AF2 /* xcodeWatchTest_Watch_AppTests.swift */,
			);
			path = "xcodeWatchTest Watch AppTests";
			sourceTree = "<group>";
		};
		28F2FF6C2AF97743001B3AF2 /* xcodeWatchTest Watch AppUITests */ = {
			isa = PBXGroup;
			children = (
				28F2FF6D2AF97743001B3AF2 /* xcodeWatchTest_Watch_AppUITests.swift */,
				28F2FF6F2AF97743001B3AF2 /* xcodeWatchTest_Watch_AppUITestsLaunchTests.swift */,
			);
			path = "xcodeWatchTest Watch AppUITests";
			sourceTree = "<group>";
		};
/* End PBXGroup section */

/* Begin PBXNativeTarget section */
		28F2FF462AF97742001B3AF2 /* xcodeWatchTest */ = {
			isa = PBXNativeTarget;
			buildConfigurationList = 28F2FF772AF97743001B3AF2 /* Build configuration list for PBXNativeTarget "xcodeWatchTest" */;
			buildPhases = (
				28F2FF452AF97742001B3AF2 /* Resources */,
				28F2FF762AF97743001B3AF2 /* Embed Watch Content */,
			);
			buildRules = (
			);
			dependencies = (
				28F2FF502AF97742001B3AF2 /* PBXTargetDependency */,
			);
			name = xcodeWatchTest;
			productName = xcodeWatchTest;
			productReference = 28F2FF472AF97742001B3AF2 /* xcodeWatchTest.app */;
			productType = "com.apple.product-type.application.watchapp2-container";
		};
		28F2FF4C2AF97742001B3AF2 /* xcodeWatchTest Watch App */ = {
			isa = PBXNativeTarget;
			buildConfigurationList = 28F2FF732AF97743001B3AF2 /* Build configuration list for PBXNativeTarget "xcodeWatchTest Watch App" */;
			buildPhases = (
				28F2FF492AF97742001B3AF2 /* Sources */,
				28F2FF4A2AF97742001B3AF2 /* Frameworks */,
				28F2FF4B2AF97742001B3AF2 /* Resources */,
			);
			buildRules = (
			);
			dependencies = (
			);
			name = "xcodeWatchTest Watch App";
			productName = "xcodeWatchTest Watch App";
			productReference = 28F2FF4D2AF97742001B3AF2 /* xcodeWatchTest Watch App.app */;
			productType = "com.apple.product-type.application";
		};
		28F2FF5E2AF97743001B3AF2 /* xcodeWatchTest Watch AppTests */ = {
			isa = PBXNativeTarget;
			buildConfigurationList = 28F2FF7A2AF97743001B3AF2 /* Build configuration list for PBXNativeTarget "xcodeWatchTest Watch AppTests" */;
			buildPhases = (
				28F2FF5B2AF97743001B3AF2 /* Sources */,
				28F2FF5C2AF97743001B3AF2 /* Frameworks */,
				28F2FF5D2AF97743001B3AF2 /* Resources */,
			);
			buildRules = (
			);
			dependencies = (
				28F2FF612AF97743001B3AF2 /* PBXTargetDependency */,
			);
			name = "xcodeWatchTest Watch AppTests";
			productName = "xcodeWatchTest Watch AppTests";
			productReference = 28F2FF5F2AF97743001B3AF2 /* xcodeWatchTest Watch AppTests.xctest */;
			productType = "com.apple.product-type.bundle.unit-test";
		};
		28F2FF682AF97743001B3AF2 /* xcodeWatchTest Watch AppUITests */ = {
			isa = PBXNativeTarget;
			buildConfigurationList = 28F2FF7D2AF97743001B3AF2 /* Build configuration list for PBXNativeTarget "xcodeWatchTest Watch AppUITests" */;
			buildPhases = (
				28F2FF652AF97743001B3AF2 /* Sources */,
				28F2FF662AF97743001B3AF2 /* Frameworks */,
				28F2FF672AF97743001B3AF2 /* Resources */,
			);
			buildRules = (
			);
			dependencies = (
				28F2FF6B2AF97743001B3AF2 /* PBXTargetDependency */,
			);
			name = "xcodeWatchTest Watch AppUITests";
			productName = "xcodeWatchTest Watch AppUITests";
			productReference = 28F2FF692AF97743001B3AF2 /* xcodeWatchTest Watch AppUITests.xctest */;
			productType = "com.apple.product-type.bundle.ui-testing";
		};
/* End PBXNativeTarget section */

/* Begin PBXProject section */
		28F2FF412AF97742001B3AF2 /* Project object */ = {
			isa = PBXProject;
			attributes = {
				BuildIndependentTargetsInParallel = 1;
				LastSwiftUpdateCheck = 1500;
				LastUpgradeCheck = 1500;
				TargetAttributes = {
					28F2FF462AF97742001B3AF2 = {
						CreatedOnToolsVersion = 15.0.1;
					};
					28F2FF4C2AF97742001B3AF2 = {
						CreatedOnToolsVersion = 15.0.1;
					};
					28F2FF5E2AF97743001B3AF2 = {
						CreatedOnToolsVersion = 15.0.1;
						TestTargetID = 28F2FF4C2AF97742001B3AF2;
					};
					28F2FF682AF97743001B3AF2 = {
						CreatedOnToolsVersion = 15.0.1;
						TestTargetID = 28F2FF4C2AF97742001B3AF2;
					};
				};
			};
			buildConfigurationList = 28F2FF442AF97742001B3AF2 /* Build configuration list for PBXProject "xcodeWatchTest" */;
			compatibilityVersion = "Xcode 14.0";
			developmentRegion = en;
			hasScannedForEncodings = 0;
			knownRegions = (
				en,
				Base,
			);
			mainGroup = 28F2FF402AF97742001B3AF2;
			productRefGroup = 28F2FF482AF97742001B3AF2 /* Products */;
			projectDirPath = "";
			projectRoot = "";
			targets = (
				28F2FF462AF97742001B3AF2 /* xcodeWatchTest */,
				28F2FF4C2AF97742001B3AF2 /* xcodeWatchTest Watch App */,
				28F2FF5E2AF97743001B3AF2 /* xcodeWatchTest Watch AppTests */,
				28F2FF682AF97743001B3AF2 /* xcodeWatchTest Watch AppUITests */,
			);
		};
/* End PBXProject section */

/* Begin PBXResourcesBuildPhase section */
		28F2FF452AF97742001B3AF2 /* Resources */ = {
			isa = PBXResourcesBuildPhase;
			buildActionMask = 2147483647;
			files = (
			);
			runOnlyForDeploymentPostprocessing = 0;
		};
		28F2FF4B2AF97742001B3AF2 /* Resources */ = {
			isa = PBXResourcesBuildPhase;
			buildActionMask = 2147483647;
			files = (
				28F2FF5A2AF97743001B3AF2 /* Preview Assets.xcassets in Resources */,
				28F2FF572AF97743001B3AF2 /* Assets.xcassets in Resources */,
			);
			runOnlyForDeploymentPostprocessing = 0;
		};
		28F2FF5D2AF97743001B3AF2 /* Resources */ = {
			isa = PBXResourcesBuildPhase;
			buildActionMask = 2147483647;
			files = (
			);
			runOnlyForDeploymentPostprocessing = 0;
		};
		28F2FF672AF97743001B3AF2 /* Resources */ = {
			isa = PBXResourcesBuildPhase;
			buildActionMask = 2147483647;
			files = (
			);
			runOnlyForDeploymentPostprocessing = 0;
		};
/* End PBXResourcesBuildPhase section */

/* Begin PBXSourcesBuildPhase section */
		28F2FF492AF97742001B3AF2 /* Sources */ = {
			isa = PBXSourcesBuildPhase;
			buildActionMask = 2147483647;
			files = (
				28F2FF552AF97742001B3AF2 /* ContentView.swift in Sources */,
				28F2FF532AF97742001B3AF2 /* xcodeWatchTestApp.swift in Sources */,
			);
			runOnlyForDeploymentPostprocessing = 0;
		};
		28F2FF5B2AF97743001B3AF2 /* Sources */ = {
			isa = PBXSourcesBuildPhase;
			buildActionMask = 2147483647;
			files = (
				28F2FF642AF97743001B3AF2 /* xcodeWatchTest_Watch_AppTests.swift in Sources */,
			);
			runOnlyForDeploymentPostprocessing = 0;
		};
		28F2FF652AF97743001B3AF2 /* Sources */ = {
			isa = PBXSourcesBuildPhase;
			buildActionMask = 2147483647;
			files = (
				28F2FF702AF97743001B3AF2 /* xcodeWatchTest_Watch_AppUITestsLaunchTests.swift in Sources */,
				28F2FF6E2AF97743001B3AF2 /* xcodeWatchTest_Watch_AppUITests.swift in Sources */,
			);
			runOnlyForDeploymentPostprocessing = 0;
		};
/* End PBXSourcesBuildPhase section */

/* Begin PBXTargetDependency section */
		28F2FF502AF97742001B3AF2 /* PBXTargetDependency */ = {
			isa = PBXTargetDependency;
			target = 28F2FF4C2AF97742001B3AF2 /* xcodeWatchTest Watch App */;
			targetProxy = 28F2FF4F2AF97742001B3AF2 /* PBXContainerItemProxy */;
		};
		28F2FF612AF97743001B3AF2 /* PBXTargetDependency */ = {
			isa = PBXTargetDependency;
			target = 28F2FF4C2AF97742001B3AF2 /* xcodeWatchTest Watch App */;
			targetProxy = 28F2FF602AF97743001B3AF2 /* PBXContainerItemProxy */;
		};
		28F2FF6B2AF97743001B3AF2 /* PBXTargetDependency */ = {
			isa = PBXTargetDependency;
			target = 28F2FF4C2AF97742001B3AF2 /* xcodeWatchTest Watch App */;
			targetProxy = 28F2FF6A2AF97743001B3AF2 /* PBXContainerItemProxy */;
		};
/* End PBXTargetDependency section */

/* Begin XCBuildConfiguration section */
		28F2FF712AF97743001B3AF2 /* Debug */ = {
			isa = XCBuildConfiguration;
			buildSettings = {
				ALWAYS_SEARCH_USER_PATHS = NO;
				ASSETCATALOG_COMPILER_GENERATE_SWIFT_ASSET_SYMBOL_EXTENSIONS = YES;
				CLANG_ANALYZER_NONNULL = YES;
				CLANG_ANALYZER_NUMBER_OBJECT_CONVERSION = YES_AGGRESSIVE;
				CLANG_CXX_LANGUAGE_STANDARD = "gnu++20";
				CLANG_ENABLE_MODULES = YES;
				CLANG_ENABLE_OBJC_ARC = YES;
				CLANG_ENABLE_OBJC_WEAK = YES;
				CLANG_WARN_BLOCK_CAPTURE_AUTORELEASING = YES;
				CLANG_WARN_BOOL_CONVERSION = YES;
				CLANG_WARN_COMMA = YES;
				CLANG_WARN_CONSTANT_CONVERSION = YES;
				CLANG_WARN_DEPRECATED_OBJC_IMPLEMENTATIONS = YES;
				CLANG_WARN_DIRECT_OBJC_ISA_USAGE = YES_ERROR;
				CLANG_WARN_DOCUMENTATION_COMMENTS = YES;
				CLANG_WARN_EMPTY_BODY = YES;
				CLANG_WARN_ENUM_CONVERSION = YES;
				CLANG_WARN_INFINITE_RECURSION = YES;
				CLANG_WARN_INT_CONVERSION = YES;
				CLANG_WARN_NON_LITERAL_NULL_CONVERSION = YES;
				CLANG_WARN_OBJC_IMPLICIT_RETAIN_SELF = YES;
				CLANG_WARN_OBJC_LITERAL_CONVERSION = YES;
				CLANG_WARN_OBJC_ROOT_CLASS = YES_ERROR;
				CLANG_WARN_QUOTED_INCLUDE_IN_FRAMEWORK_HEADER = YES;
				CLANG_WARN_RANGE_LOOP_ANALYSIS = YES;
				CLANG_WARN_STRICT_PROTOTYPES = YES;
				CLANG_WARN_SUSPICIOUS_MOVE = YES;
				CLANG_WARN_UNGUARDED_AVAILABILITY = YES_AGGRESSIVE;
				CLANG_WARN_UNREACHABLE_CODE = YES;
				CLANG_WARN__DUPLICATE_METHOD_MATCH = YES;
				COPY_PHASE_STRIP = NO;
				DEBUG_INFORMATION_FORMAT = dwarf;
				ENABLE_STRICT_OBJC_MSGSEND = YES;
				ENABLE_TESTABILITY = YES;
				ENABLE_USER_SCRIPT_SANDBOXING = YES;
				GCC_C_LANGUAGE_STANDARD = gnu17;
				GCC_DYNAMIC_NO_PIC = NO;
				GCC_NO_COMMON_BLOCKS = YES;
				GCC_OPTIMIZATION_LEVEL = 0;
				GCC_PREPROCESSOR_DEFINITIONS = (
					"DEBUG=1",
					"$(inherited)",
				);
				GCC_WARN_64_TO_32_BIT_CONVERSION = YES;
				GCC_WARN_ABOUT_RETURN_TYPE = YES_ERROR;
				GCC_WARN_UNDECLARED_SELECTOR = YES;
				GCC_WARN_UNINITIALIZED_AUTOS = YES_AGGRESSIVE;
				GCC_WARN_UNUSED_FUNCTION = YES;
				GCC_WARN_UNUSED_VARIABLE = YES;
				LOCALIZATION_PREFERS_STRING_CATALOGS = YES;
				MTL_ENABLE_DEBUG_INFO = INCLUDE_SOURCE;
				MTL_FAST_MATH = YES;
				ONLY_ACTIVE_ARCH = YES;
				SWIFT_ACTIVE_COMPILATION_CONDITIONS = "DEBUG $(inherited)";
				SWIFT_OPTIMIZATION_LEVEL = "-Onone";
			};
			name = Debug;
		};
		28F2FF722AF97743001B3AF2 /* Release */ = {
			isa = XCBuildConfiguration;
			buildSettings = {
				ALWAYS_SEARCH_USER_PATHS = NO;
				ASSETCATALOG_COMPILER_GENERATE_SWIFT_ASSET_SYMBOL_EXTENSIONS = YES;
				CLANG_ANALYZER_NONNULL = YES;
				CLANG_ANALYZER_NUMBER_OBJECT_CONVERSION = YES_AGGRESSIVE;
				CLANG_CXX_LANGUAGE_STANDARD = "gnu++20";
				CLANG_ENABLE_MODULES = YES;
				CLANG_ENABLE_OBJC_ARC = YES;
				CLANG_ENABLE_OBJC_WEAK = YES;
				CLANG_WARN_BLOCK_CAPTURE_AUTORELEASING = YES;
				CLANG_WARN_BOOL_CONVERSION = YES;
				CLANG_WARN_COMMA = YES;
				CLANG_WARN_CONSTANT_CONVERSION = YES;
				CLANG_WARN_DEPRECATED_OBJC_IMPLEMENTATIONS = YES;
				CLANG_WARN_DIRECT_OBJC_ISA_USAGE = YES_ERROR;
				CLANG_WARN_DOCUMENTATION_COMMENTS = YES;
				CLANG_WARN_EMPTY_BODY = YES;
				CLANG_WARN_ENUM_CONVERSION = YES;
				CLANG_WARN_INFINITE_RECURSION = YES;
				CLANG_WARN_INT_CONVERSION = YES;
				CLANG_WARN_NON_LITERAL_NULL_CONVERSION = YES;
				CLANG_WARN_OBJC_IMPLICIT_RETAIN_SELF = YES;
				CLANG_WARN_OBJC_LITERAL_CONVERSION = YES;
				CLANG_WARN_OBJC_ROOT_CLASS = YES_ERROR;
				CLANG_WARN_QUOTED_INCLUDE_IN_FRAMEWORK_HEADER = YES;
				CLANG_WARN_RANGE_LOOP_ANALYSIS = YES;
				CLANG_WARN_STRICT_PROTOTYPES = YES;
				CLANG_WARN_SUSPICIOUS_MOVE = YES;
				CLANG_WARN_UNGUARDED_AVAILABILITY = YES_AGGRESSIVE;
				CLANG_WARN_UNREACHABLE_CODE = YES;
				CLANG_WARN__DUPLICATE_METHOD_MATCH = YES;
				COPY_PHASE_STRIP = NO;
				DEBUG_INFORMATION_FORMAT = "dwarf-with-dsym";
				ENABLE_NS_ASSERTIONS = NO;
				ENABLE_STRICT_OBJC_MSGSEND = YES;
				ENABLE_USER_SCRIPT_SANDBOXING = YES;
				GCC_C_LANGUAGE_STANDARD = gnu17;
				GCC_NO_COMMON_BLOCKS = YES;
				GCC_WARN_64_TO_32_BIT_CONVERSION = YES;
				GCC_WARN_ABOUT_RETURN_TYPE = YES_ERROR;
				GCC_WARN_UNDECLARED_SELECTOR = YES;
				GCC_WARN_UNINITIALIZED_AUTOS = YES_AGGRESSIVE;
				GCC_WARN_UNUSED_FUNCTION = YES;
				GCC_WARN_UNUSED_VARIABLE = YES;
				LOCALIZATION_PREFERS_STRING_CATALOGS = YES;
				MTL_ENABLE_DEBUG_INFO = NO;
				MTL_FAST_MATH = YES;
				SWIFT_COMPILATION_MODE = wholemodule;
			};
			name = Release;
		};
		28F2FF742AF97743001B3AF2 /* Debug */ = {
			isa = XCBuildConfiguration;
			buildSettings = {
				ASSETCATALOG_COMPILER_APPICON_NAME = AppIcon;
				ASSETCATALOG_COMPILER_GLOBAL_ACCENT_COLOR_NAME = AccentColor;
				CODE_SIGN_STYLE = Automatic;
				CURRENT_PROJECT_VERSION = 1;
				DEVELOPMENT_ASSET_PATHS = "\"xcodeWatchTest Watch App/Preview Content\"";
				DEVELOPMENT_TEAM = JP3Y65B322;
				ENABLE_PREVIEWS = YES;
				GENERATE_INFOPLIST_FILE = YES;
				INFOPLIST_KEY_CFBundleDisplayName = xcodeWatchTest;
				INFOPLIST_KEY_UISupportedInterfaceOrientations = "UIInterfaceOrientationPortrait UIInterfaceOrientationPortraitUpsideDown";
				INFOPLIST_KEY_WKWatchOnly = YES;
				LD_RUNPATH_SEARCH_PATHS = (
					"$(inherited)",
					"@executable_path/Frameworks",
				);
				MARKETING_VERSION = 1.0;
				PRODUCT_BUNDLE_IDENTIFIER = this.xcodeWatchTest.watchkitapp;
				PRODUCT_NAME = "$(TARGET_NAME)";
				SDKROOT = watchos;
				SKIP_INSTALL = YES;
				SWIFT_EMIT_LOC_STRINGS = YES;
				SWIFT_VERSION = 5.0;
				TARGETED_DEVICE_FAMILY = 4;
				WATCHOS_DEPLOYMENT_TARGET = 10.0;
			};
			name = Debug;
		};
		28F2FF752AF97743001B3AF2 /* Release */ = {
			isa = XCBuildConfiguration;
			buildSettings = {
				ASSETCATALOG_COMPILER_APPICON_NAME = AppIcon;
				ASSETCATALOG_COMPILER_GLOBAL_ACCENT_COLOR_NAME = AccentColor;
				CODE_SIGN_STYLE = Automatic;
				CURRENT_PROJECT_VERSION = 1;
				DEVELOPMENT_ASSET_PATHS = "\"xcodeWatchTest Watch App/Preview Content\"";
				DEVELOPMENT_TEAM = JP3Y65B322;
				ENABLE_PREVIEWS = YES;
				GENERATE_INFOPLIST_FILE = YES;
				INFOPLIST_KEY_CFBundleDisplayName = xcodeWatchTest;
				INFOPLIST_KEY_UISupportedInterfaceOrientations = "UIInterfaceOrientationPortrait UIInterfaceOrientationPortraitUpsideDown";
				INFOPLIST_KEY_WKWatchOnly = YES;
				LD_RUNPATH_SEARCH_PATHS = (
					"$(inherited)",
					"@executable_path/Frameworks",
				);
				MARKETING_VERSION = 1.0;
				PRODUCT_BUNDLE_IDENTIFIER = this.xcodeWatchTest.watchkitapp;
				PRODUCT_NAME = "$(TARGET_NAME)";
				SDKROOT = watchos;
				SKIP_INSTALL = YES;
				SWIFT_EMIT_LOC_STRINGS = YES;
				SWIFT_VERSION = 5.0;
				TARGETED_DEVICE_FAMILY = 4;
				VALIDATE_PRODUCT = YES;
				WATCHOS_DEPLOYMENT_TARGET = 10.0;
			};
			name = Release;
		};
		28F2FF782AF97743001B3AF2 /* Debug */ = {
			isa = XCBuildConfiguration;
			buildSettings = {
				ALWAYS_EMBED_SWIFT_STANDARD_LIBRARIES = YES;
				CODE_SIGN_STYLE = Automatic;
				CURRENT_PROJECT_VERSION = 1;
				DEVELOPMENT_TEAM = JP3Y65B322;
				INFOPLIST_KEY_CFBundleDisplayName = xcodeWatchTest;
				MARKETING_VERSION = 1.0;
				PRODUCT_BUNDLE_IDENTIFIER = this.xcodeWatchTest;
				PRODUCT_NAME = "$(TARGET_NAME)";
				SDKROOT = iphoneos;
				SWIFT_VERSION = 5.0;
			};
			name = Debug;
		};
		28F2FF792AF97743001B3AF2 /* Release */ = {
			isa = XCBuildConfiguration;
			buildSettings = {
				ALWAYS_EMBED_SWIFT_STANDARD_LIBRARIES = YES;
				CODE_SIGN_STYLE = Automatic;
				CURRENT_PROJECT_VERSION = 1;
				DEVELOPMENT_TEAM = JP3Y65B322;
				INFOPLIST_KEY_CFBundleDisplayName = xcodeWatchTest;
				MARKETING_VERSION = 1.0;
				PRODUCT_BUNDLE_IDENTIFIER = this.xcodeWatchTest;
				PRODUCT_NAME = "$(TARGET_NAME)";
				SDKROOT = iphoneos;
				SWIFT_VERSION = 5.0;
				VALIDATE_PRODUCT = YES;
			};
			name = Release;
		};
		28F2FF7B2AF97743001B3AF2 /* Debug */ = {
			isa = XCBuildConfiguration;
			buildSettings = {
				ALWAYS_EMBED_SWIFT_STANDARD_LIBRARIES = YES;
				BUNDLE_LOADER = "$(TEST_HOST)";
				CODE_SIGN_STYLE = Automatic;
				CURRENT_PROJECT_VERSION = 1;
				DEVELOPMENT_TEAM = JP3Y65B322;
				GENERATE_INFOPLIST_FILE = YES;
				MARKETING_VERSION = 1.0;
				PRODUCT_BUNDLE_IDENTIFIER = "this.xcodeWatchTest-Watch-AppTests";
				PRODUCT_NAME = "$(TARGET_NAME)";
				SDKROOT = watchos;
				SWIFT_EMIT_LOC_STRINGS = NO;
				SWIFT_VERSION = 5.0;
				TARGETED_DEVICE_FAMILY = 4;
				TEST_HOST = "$(BUILT_PRODUCTS_DIR)/xcodeWatchTest Watch App.app/$(BUNDLE_EXECUTABLE_FOLDER_PATH)/xcodeWatchTest Watch App";
				WATCHOS_DEPLOYMENT_TARGET = 10.0;
			};
			name = Debug;
		};
		28F2FF7C2AF97743001B3AF2 /* Release */ = {
			isa = XCBuildConfiguration;
			buildSettings = {
				ALWAYS_EMBED_SWIFT_STANDARD_LIBRARIES = YES;
				BUNDLE_LOADER = "$(TEST_HOST)";
				CODE_SIGN_STYLE = Automatic;
				CURRENT_PROJECT_VERSION = 1;
				DEVELOPMENT_TEAM = JP3Y65B322;
				GENERATE_INFOPLIST_FILE = YES;
				MARKETING_VERSION = 1.0;
				PRODUCT_BUNDLE_IDENTIFIER = "this.xcodeWatchTest-Watch-AppTests";
				PRODUCT_NAME = "$(TARGET_NAME)";
				SDKROOT = watchos;
				SWIFT_EMIT_LOC_STRINGS = NO;
				SWIFT_VERSION = 5.0;
				TARGETED_DEVICE_FAMILY = 4;
				TEST_HOST = "$(BUILT_PRODUCTS_DIR)/xcodeWatchTest Watch App.app/$(BUNDLE_EXECUTABLE_FOLDER_PATH)/xcodeWatchTest Watch App";
				VALIDATE_PRODUCT = YES;
				WATCHOS_DEPLOYMENT_TARGET = 10.0;
			};
			name = Release;
		};
		28F2FF7E2AF97743001B3AF2 /* Debug */ = {
			isa = XCBuildConfiguration;
			buildSettings = {
				ALWAYS_EMBED_SWIFT_STANDARD_LIBRARIES = YES;
				CODE_SIGN_STYLE = Automatic;
				CURRENT_PROJECT_VERSION = 1;
				DEVELOPMENT_TEAM = JP3Y65B322;
				GENERATE_INFOPLIST_FILE = YES;
				MARKETING_VERSION = 1.0;
				PRODUCT_BUNDLE_IDENTIFIER = "this.xcodeWatchTest-Watch-AppUITests";
				PRODUCT_NAME = "$(TARGET_NAME)";
				SDKROOT = watchos;
				SWIFT_EMIT_LOC_STRINGS = NO;
				SWIFT_VERSION = 5.0;
				TARGETED_DEVICE_FAMILY = 4;
				TEST_TARGET_NAME = "xcodeWatchTest Watch App";
				WATCHOS_DEPLOYMENT_TARGET = 10.0;
			};
			name = Debug;
		};
		28F2FF7F2AF97743001B3AF2 /* Release */ = {
			isa = XCBuildConfiguration;
			buildSettings = {
				ALWAYS_EMBED_SWIFT_STANDARD_LIBRARIES = YES;
				CODE_SIGN_STYLE = Automatic;
				CURRENT_PROJECT_VERSION = 1;
				DEVELOPMENT_TEAM = JP3Y65B322;
				GENERATE_INFOPLIST_FILE = YES;
				MARKETING_VERSION = 1.0;
				PRODUCT_BUNDLE_IDENTIFIER = "this.xcodeWatchTest-Watch-AppUITests";
				PRODUCT_NAME = "$(TARGET_NAME)";
				SDKROOT = watchos;
				SWIFT_EMIT_LOC_STRINGS = NO;
				SWIFT_VERSION = 5.0;
				TARGETED_DEVICE_FAMILY = 4;
				TEST_TARGET_NAME = "xcodeWatchTest Watch App";
				VALIDATE_PRODUCT = YES;
				WATCHOS_DEPLOYMENT_TARGET = 10.0;
			};
			name = Release;
		};
/* End XCBuildConfiguration section */

/* Begin XCConfigurationList section */
		28F2FF442AF97742001B3AF2 /* Build configuration list for PBXProject "xcodeWatchTest" */ = {
			isa = XCConfigurationList;
			buildConfigurations = (
				28F2FF712AF97743001B3AF2 /* Debug */,
				28F2FF722AF97743001B3AF2 /* Release */,
			);
			defaultConfigurationIsVisible = 0;
			defaultConfigurationName = Release;
		};
		28F2FF732AF97743001B3AF2 /* Build configuration list for PBXNativeTarget "xcodeWatchTest Watch App" */ = {
			isa = XCConfigurationList;
			buildConfigurations = (
				28F2FF742AF97743001B3AF2 /* Debug */,
				28F2FF752AF97743001B3AF2 /* Release */,
			);
			defaultConfigurationIsVisible = 0;
			defaultConfigurationName = Release;
		};
		28F2FF772AF97743001B3AF2 /* Build configuration list for PBXNativeTarget "xcodeWatchTest" */ = {
			isa = XCConfigurationList;
			buildConfigurations = (
				28F2FF782AF97743001B3AF2 /* Debug */,
				28F2FF792AF97743001B3AF2 /* Release */,
			);
			defaultConfigurationIsVisible = 0;
			defaultConfigurationName = Release;
		};
		28F2FF7A2AF97743001B3AF2 /* Build configuration list for PBXNativeTarget "xcodeWatchTest Watch AppTests" */ = {
			isa = XCConfigurationList;
			buildConfigurations = (
				28F2FF7B2AF97743001B3AF2 /* Debug */,
				28F2FF7C2AF97743001B3AF2 /* Release */,
			);
			defaultConfigurationIsVisible = 0;
			defaultConfigurationName = Release;
		};
		28F2FF7D2AF97743001B3AF2 /* Build configuration list for PBXNativeTarget "xcodeWatchTest Watch AppUITests" */ = {
			isa = XCConfigurationList;
			buildConfigurations = (
				28F2FF7E2AF97743001B3AF2 /* Debug */,
				28F2FF7F2AF97743001B3AF2 /* Release */,
			);
			defaultConfigurationIsVisible = 0;
			defaultConfigurationName = Release;
		};
/* End XCConfigurationList section */
	};
	rootObject = 28F2FF412AF97742001B3AF2 /* Project object */;
}
